{
    "_readme": [
        "This file locks the dependencies of your project to a known state",
        "Read more about it at https://getcomposer.org/doc/01-basic-usage.md#composer-lock-the-lock-file",
        "This file is @generated automatically"
    ],
    "hash": "c5182559096cf5c02d7430b4c53993ea",
    "content-hash": "ca79d02351a05cd9dd9cd9acac6bc304",
    "packages": [
        {
            "name": "italia/spid-php-lib",
            "version": "dev-feature/issue-65-certs",
            "source": {
                "type": "git",
                "url": "https://github.com/italia/spid-php-lib.git",
                "reference": "0b58ecd32b4909ff207f2a47b3dcac8b7507b2fb"
            },
            "dist": {
                "type": "zip",
                "url": "https://api.github.com/repos/italia/spid-php-lib/zipball/0b58ecd32b4909ff207f2a47b3dcac8b7507b2fb",
                "reference": "0b58ecd32b4909ff207f2a47b3dcac8b7507b2fb",
                "shasum": ""
            },
            "archive": {
                "exclude": [
                    "/example",
                    "/tests"
                ]
            },
            "require": {
                "php": "^7.0",
                "robrichards/xmlseclibs": "^3.0"
            },
            "require-dev": {
                "phpunit/phpunit": "^6.5",
                "squizlabs/php_codesniffer": "^3.3"
            },
            "type": "library",
            "autoload": {
                "psr-4": {
                    "Italia\\Spid\\": "src/"
                }
            },
            "license": [
                "BSD-3-Clause"
            ],
            "authors": [
                {
                    "name": "Lorenzo Cattaneo",
                    "email": "development@lorenzocattaneo.com"
                },
                {
                    "name": "Paolo Greppi",
                    "email": "paolo.greppi@libpf.com"
                }
            ],
            "description": "PHP package for SPID authentication",
            "support": {
                "source": "https://github.com/italia/spid-php-lib/tree/feature/issue-65-certs",
                "issues": "https://github.com/italia/spid-php-lib/issues"
            },
            "time": "2018-10-20 13:46:29"
        },
        {
            "name": "robrichards/xmlseclibs",
            "version": "3.0.2",
            "source": {
                "type": "git",
                "url": "https://github.com/robrichards/xmlseclibs.git",
                "reference": "1f4de0c0d121922aafd8c62c2a9f5e528830cf38"
            },
            "dist": {
                "type": "zip",
                "url": "https://api.github.com/repos/robrichards/xmlseclibs/zipball/1f4de0c0d121922aafd8c62c2a9f5e528830cf38",
                "reference": "1f4de0c0d121922aafd8c62c2a9f5e528830cf38",
                "shasum": ""
            },
            "require": {
                "ext-openssl": "*",
                "php": ">= 5.4"
            },
            "type": "library",
            "autoload": {
                "psr-4": {
                    "RobRichards\\XMLSecLibs\\": "src"
                }
            },
            "notification-url": "https://packagist.org/downloads/",
            "license": [
                "BSD-3-Clause"
            ],
            "description": "A PHP library for XML Security",
            "homepage": "https://github.com/robrichards/xmlseclibs",
            "keywords": [
                "security",
                "signature",
                "xml",
                "xmldsig"
            ],
            "time": "2018-09-27 13:24:13"
        }
    ],
    "packages-dev": [
        {
            "name": "squizlabs/php_codesniffer",
            "version": "3.3.2",
            "source": {
                "type": "git",
                "url": "https://github.com/squizlabs/PHP_CodeSniffer.git",
                "reference": "6ad28354c04b364c3c71a34e4a18b629cc3b231e"
            },
            "dist": {
                "type": "zip",
                "url": "https://api.github.com/repos/squizlabs/PHP_CodeSniffer/zipball/6ad28354c04b364c3c71a34e4a18b629cc3b231e",
                "reference": "6ad28354c04b364c3c71a34e4a18b629cc3b231e",
                "shasum": ""
            },
            "require": {
                "ext-simplexml": "*",
                "ext-tokenizer": "*",
                "ext-xmlwriter": "*",
                "php": ">=5.4.0"
            },
            "require-dev": {
                "phpunit/phpunit": "^4.0 || ^5.0 || ^6.0 || ^7.0"
            },
            "bin": [
                "bin/phpcs",
                "bin/phpcbf"
            ],
            "type": "library",
            "extra": {
                "branch-alias": {
                    "dev-master": "3.x-dev"
                }
            },
            "notification-url": "https://packagist.org/downloads/",
            "license": [
                "BSD-3-Clause"
            ],
            "authors": [
                {
                    "name": "Greg Sherwood",
                    "role": "lead"
                }
            ],
            "description": "PHP_CodeSniffer tokenizes PHP, JavaScript and CSS files and detects violations of a defined set of coding standards.",
            "homepage": "http://www.squizlabs.com/php-codesniffer",
            "keywords": [
                "phpcs",
                "standards"
            ],
            "time": "2018-09-23 23:08:17"
        }
    ],
    "aliases": [
        {
            "alias": "0.30.0",
            "alias_normalized": "0.30.0.0",
            "version": "dev-feature/issue-65-certs",
            "package": "italia/spid-php-lib"
        }
    ],
    "minimum-stability": "stable",
    "stability-flags": {
        "italia/spid-php-lib": 20
    },
    "prefer-stable": false,
    "prefer-lowest": false,
    "platform": {
        "php": ">=7.0"
    },
    "platform-dev": []
}
